Microsoft Visual Studio Solution File, Format Version 12.00
# Visual Studio Version 17
VisualStudioVersion = 17.5.2.0
MinimumVisualStudioVersion = 10.0.40219.1
Project("{FAE04EC0-301F-11D3-BF4B-00C04F79EFBC}") = "ManagerApp", "ManagerApp\ManagerApp.csproj", "{89AB6FC6-2C32-62FB-D870-523BA469C6B9}"
EndProject
Global
	GlobalSection(SolutionConfigurationPlatforms) = preSolution
		Debug|Any CPU = Debug|Any CPU
		Release|Any CPU = Release|Any CPU
	EndGlobalSection
	GlobalSection(ProjectConfigurationPlatforms) = postSolution
		{89AB6FC6-2C32-62FB-D870-523BA469C6B9}.Debug|Any CPU.ActiveCfg = Debug|Any CPU
		{89AB6FC6-2C32-62FB-D870-523BA469C6B9}.Debug|Any CPU.Build.0 = Debug|Any CPU
		{89AB6FC6-2C32-62FB-D870-523BA469C6B9}.Release|Any CPU.ActiveCfg = Release|Any CPU
		{89AB6FC6-2C32-62FB-D870-523BA469C6B9}.Release|Any CPU.Build.0 = Release|Any CPU
	EndGlobalSection
	GlobalSection(SolutionProperties) = preSolution
		HideSolutionNode = FALSE
	EndGlobalSection
	GlobalSection(ExtensibilityGlobals) = postSolution
		SolutionGuid = {4D9334AD-2F8D-4F46-9E73-42B223F319FF}
	EndGlobalSection
EndGlobal
